
Microsoft Visual Studio Solution File, Format Version 12.00
# Visual Studio Version 16
VisualStudioVersion = 25.0.1706.7
MinimumVisualStudioVersion = 10.0.40219.1
Project("{FAE04EC0-301F-11D3-BF4B-00C04F79EFBC}") = "WeatherApplication", "WeatherApplication.csproj", "{0936CCA8-A621-40EA-BEAE-199E87A1C87A}"
EndProject
Global
	GlobalSection(SolutionConfigurationPlatforms) = preSolution
		Debug|Any CPU = Debug|Any CPU
		Release|Any CPU = Release|Any CPU
	EndGlobalSection
	GlobalSection(ProjectConfigurationPlatforms) = postSolution
		{0936CCA8-A621-40EA-BEAE-199E87A1C87A}.Debug|Any CPU.ActiveCfg = Debug|Any CPU
		{0936CCA8-A621-40EA-BEAE-199E87A1C87A}.Debug|Any CPU.Build.0 = Debug|Any CPU
		{0936CCA8-A621-40EA-BEAE-199E87A1C87A}.Release|Any CPU.ActiveCfg = Release|Any CPU
		{0936CCA8-A621-40EA-BEAE-199E87A1C87A}.Release|Any CPU.Build.0 = Release|Any CPU
	EndGlobalSection
	GlobalSection(SolutionProperties) = preSolution
		HideSolutionNode = FALSE
	EndGlobalSection
	GlobalSection(ExtensibilityGlobals) = postSolution
		SolutionGuid = {3A97FD71-D734-49E3-A064-D31A8E8776CE}
	EndGlobalSection
EndGlobal
